# This file is autogenerated, do not edit; changes may be undone by the next 'dep ensure'.


[[projects]]
  branch = "master"
  name = "golang.org/x/net"
  packages = ["proxy"]
  revision = "e0c57d8f86c17f0724497efcb3bc617e82834821"

[solve-meta]
  analyzer-name = "dep"
  analyzer-version = 1
  inputs-digest = "c82a3ba32ed831881b837c65fb3231e135c221b156133798b9b68ae09fef1514"
  solver-name = "gps-cdcl"
  solver-version = 1
